
Microsoft Visual Studio Solution File, Format Version 12.00
# Visual Studio Version 17
VisualStudioVersion = 17.5.33502.453
MinimumVisualStudioVersion = 10.0.40219.1
Project("{FAE04EC0-301F-11D3-BF4B-00C04F79EFBC}") = "task", "task\task.csproj", "{2676EB94-F056-47D8-9E8C-256918571559}"
EndProject
Global
	GlobalSection(SolutionConfigurationPlatforms) = preSolution
		Debug|Any CPU = Debug|Any CPU
		Release|Any CPU = Release|Any CPU
	EndGlobalSection
	GlobalSection(ProjectConfigurationPlatforms) = postSolution
		{2676EB94-F056-47D8-9E8C-256918571559}.Debug|Any CPU.ActiveCfg = Debug|Any CPU
		{2676EB94-F056-47D8-9E8C-256918571559}.Debug|Any CPU.Build.0 = Debug|Any CPU
		{2676EB94-F056-47D8-9E8C-256918571559}.Release|Any CPU.ActiveCfg = Release|Any CPU
		{2676EB94-F056-47D8-9E8C-256918571559}.Release|Any CPU.Build.0 = Release|Any CPU
	EndGlobalSection
	GlobalSection(SolutionProperties) = preSolution
		HideSolutionNode = FALSE
	EndGlobalSection
	GlobalSection(ExtensibilityGlobals) = postSolution
		SolutionGuid = {EEEFB98A-88E5-4E83-BCFD-64F3CA4A8D9A}
	EndGlobalSection
EndGlobal
